
Microsoft Visual Studio Solution File, Format Version 12.00
# Visual Studio Version 17
VisualStudioVersion = 17.2.32516.85
MinimumVisualStudioVersion = 10.0.40219.1
Project("{FAE04EC0-301F-11D3-BF4B-00C04F79EFBC}") = "IALDashboard", "IALDashboard\IALDashboard.csproj", "{B06966B7-301A-492A-A5B5-AC9A3C056D8E}"
EndProject
Global
	GlobalSection(SolutionConfigurationPlatforms) = preSolution
		Debug|Any CPU = Debug|Any CPU
		Release|Any CPU = Release|Any CPU
	EndGlobalSection
	GlobalSection(ProjectConfigurationPlatforms) = postSolution
		{B06966B7-301A-492A-A5B5-AC9A3C056D8E}.Debug|Any CPU.ActiveCfg = Debug|Any CPU
		{B06966B7-301A-492A-A5B5-AC9A3C056D8E}.Debug|Any CPU.Build.0 = Debug|Any CPU
		{B06966B7-301A-492A-A5B5-AC9A3C056D8E}.Release|Any CPU.ActiveCfg = Release|Any CPU
		{B06966B7-301A-492A-A5B5-AC9A3C056D8E}.Release|Any CPU.Build.0 = Release|Any CPU
	EndGlobalSection
	GlobalSection(SolutionProperties) = preSolution
		HideSolutionNode = FALSE
	EndGlobalSection
	GlobalSection(ExtensibilityGlobals) = postSolution
		SolutionGuid = {0A934C2C-6AC4-4503-9AFC-3633FA25CDFE}
	EndGlobalSection
EndGlobal
